// !$*UTF8*$!
{
	archiveVersion = 1;
	classes = {
	};
	objectVersion = 55;
	objects = {

/* Begin PBXBuildFile section */
		895E28E728526E9A00FB9E43 /* LastFM_WidgetsApp.swift in Sources */ = {isa = PBXBuildFile; fileRef = 895E28E628526E9A00FB9E43 /* LastFM_WidgetsApp.swift */; };
		895E28E928526E9A00FB9E43 /* ContentView.swift in Sources */ = {isa = PBXBuildFile; fileRef = 895E28E828526E9A00FB9E43 /* ContentView.swift */; };
		895E28EB28526E9B00FB9E43 /* Assets.xcassets in Resources */ = {isa = PBXBuildFile; fileRef = 895E28EA28526E9B00FB9E43 /* Assets.xcassets */; };
		895E28EE28526E9B00FB9E43 /* Preview Assets.xcassets in Resources */ = {isa = PBXBuildFile; fileRef = 895E28ED28526E9B00FB9E43 /* Preview Assets.xcassets */; };
		895E28F228526F0300FB9E43 /* TopAlbumsError.swift in Sources */ = {isa = PBXBuildFile; fileRef = 89B12BE42850F67200AB9816 /* TopAlbumsError.swift */; };
		895E28F328526F0500FB9E43 /* ImageError.swift in Sources */ = {isa = PBXBuildFile; fileRef = 8974BC8928524D60006604D3 /* ImageError.swift */; };
		895E28F428526F0900FB9E43 /* LastFMTopArtistsResponse.swift in Sources */ = {isa = PBXBuildFile; fileRef = 89F962C0284FA01D00CF0CAE /* LastFMTopArtistsResponse.swift */; };
		895E28F528526F0B00FB9E43 /* LastFMTopAlbumsResponse.swift in Sources */ = {isa = PBXBuildFile; fileRef = 89F962C5284FAA6600CF0CAE /* LastFMTopAlbumsResponse.swift */; };
		895E28F628526F0D00FB9E43 /* BasicAlbum.swift in Sources */ = {isa = PBXBuildFile; fileRef = 89F962E7284FAD7000CF0CAE /* BasicAlbum.swift */; };
		895E28F728526F1200FB9E43 /* API.swift in Sources */ = {isa = PBXBuildFile; fileRef = 890D84C7284F5DD4000123AD /* API.swift */; };
		895E28FC2852709500FB9E43 /* Config.swift in Sources */ = {isa = PBXBuildFile; fileRef = 8994412F284F4635000B6D7C /* Config.swift */; };
		895E29022852718700FB9E43 /* WidgetKit.framework in Frameworks */ = {isa = PBXBuildFile; fileRef = 89F962CF284FABF100CF0CAE /* WidgetKit.framework */; };
		895E29032852718700FB9E43 /* SwiftUI.framework in Frameworks */ = {isa = PBXBuildFile; fileRef = 89F962D1284FABF100CF0CAE /* SwiftUI.framework */; };
		895E29062852718700FB9E43 /* TopAlbumsWidgetiOS.swift in Sources */ = {isa = PBXBuildFile; fileRef = 895E29052852718700FB9E43 /* TopAlbumsWidgetiOS.swift */; };
		895E29092852718900FB9E43 /* Assets.xcassets in Resources */ = {isa = PBXBuildFile; fileRef = 895E29082852718900FB9E43 /* Assets.xcassets */; };
		895E290B2852718900FB9E43 /* TopAlbumsWidgetiOS.intentdefinition in Sources */ = {isa = PBXBuildFile; fileRef = 895E29072852718700FB9E43 /* TopAlbumsWidgetiOS.intentdefinition */; };
		895E290C2852718900FB9E43 /* TopAlbumsWidgetiOS.intentdefinition in Sources */ = {isa = PBXBuildFile; fileRef = 895E29072852718700FB9E43 /* TopAlbumsWidgetiOS.intentdefinition */; };
		895E290F2852718900FB9E43 /* TopAlbumsWidgetiOSExtension.appex in Embed App Extensions */ = {isa = PBXBuildFile; fileRef = 895E29012852718700FB9E43 /* TopAlbumsWidgetiOSExtension.appex */; settings = {ATTRIBUTES = (RemoveHeadersOnCopy, ); }; };
		895E291B285271AD00FB9E43 /* LastFMTopAlbumsResponse.swift in Sources */ = {isa = PBXBuildFile; fileRef = 89F962C5284FAA6600CF0CAE /* LastFMTopAlbumsResponse.swift */; };
		895E291C285271AD00FB9E43 /* BasicAlbum.swift in Sources */ = {isa = PBXBuildFile; fileRef = 89F962E7284FAD7000CF0CAE /* BasicAlbum.swift */; };
		895E291D285271AD00FB9E43 /* API.swift in Sources */ = {isa = PBXBuildFile; fileRef = 890D84C7284F5DD4000123AD /* API.swift */; };
		895E291E285271AD00FB9E43 /* LastFMTopArtistsResponse.swift in Sources */ = {isa = PBXBuildFile; fileRef = 89F962C0284FA01D00CF0CAE /* LastFMTopArtistsResponse.swift */; };
		895E291F285271AD00FB9E43 /* Config.swift in Sources */ = {isa = PBXBuildFile; fileRef = 8994412F284F4635000B6D7C /* Config.swift */; };
		895E2920285271AD00FB9E43 /* ImageError.swift in Sources */ = {isa = PBXBuildFile; fileRef = 8974BC8928524D60006604D3 /* ImageError.swift */; };
		895E2921285271AD00FB9E43 /* TopAlbumsError.swift in Sources */ = {isa = PBXBuildFile; fileRef = 89B12BE42850F67200AB9816 /* TopAlbumsError.swift */; };
		89DB8B942852740400D265F6 /* Alamofire in Frameworks */ = {isa = PBXBuildFile; productRef = 89DB8B932852740400D265F6 /* Alamofire */; };
		89DB8B962852744400D265F6 /* Alamofire in Frameworks */ = {isa = PBXBuildFile; productRef = 89DB8B952852744400D265F6 /* Alamofire */; };
		89DB8B972852750C00D265F6 /* Assets.xcassets in Resources */ = {isa = PBXBuildFile; fileRef = 895E28EA28526E9B00FB9E43 /* Assets.xcassets */; };
		89DB8B9B28527D5800D265F6 /* SmallView.swift in Sources */ = {isa = PBXBuildFile; fileRef = 89DB8B9928527D2B00D265F6 /* SmallView.swift */; };
		89DB8B9E2852874900D265F6 /* MediumView.swift in Sources */ = {isa = PBXBuildFile; fileRef = 89DB8B9C2852873200D265F6 /* MediumView.swift */; };
		89DB8BA02852881A00D265F6 /* BackgroundGradient.swift in Sources */ = {isa = PBXBuildFile; fileRef = 89DB8B9F2852881A00D265F6 /* BackgroundGradient.swift */; };
		89DB8BA328528B5800D265F6 /* UIImageColors in Frameworks */ = {isa = PBXBuildFile; productRef = 89DB8BA228528B5800D265F6 /* UIImageColors */; };
		89DB8BA528528B8B00D265F6 /* UIImageColors in Frameworks */ = {isa = PBXBuildFile; productRef = 89DB8BA428528B8B00D265F6 /* UIImageColors */; };
/* End PBXBuildFile section */

/* Begin PBXContainerItemProxy section */
		895E290D2852718900FB9E43 /* PBXContainerItemProxy */ = {
			isa = PBXContainerItemProxy;
			containerPortal = 89944112284F4577000B6D7C /* Project object */;
			proxyType = 1;
			remoteGlobalIDString = 895E29002852718700FB9E43;
			remoteInfo = TopAlbumsWidgetiOSExtension;
		};
/* End PBXContainerItemProxy section */

/* Begin PBXCopyFilesBuildPhase section */
		895E29132852718900FB9E43 /* Embed App Extensions */ = {
			isa = PBXCopyFilesBuildPhase;
			buildActionMask = 2147483647;
			dstPath = "";
			dstSubfolderSpec = 13;
			files = (
				895E290F2852718900FB9E43 /* TopAlbumsWidgetiOSExtension.appex in Embed App Extensions */,
			);
			name = "Embed App Extensions";
			runOnlyForDeploymentPostprocessing = 0;
		};
/* End PBXCopyFilesBuildPhase section */

/* Begin PBXFileReference section */
		890D84C7284F5DD4000123AD /* API.swift */ = {isa = PBXFileReference; lastKnownFileType = sourcecode.swift; path = API.swift; sourceTree = "<group>"; };
		890D84C9284F5FA4000123AD /* API Things.md */ = {isa = PBXFileReference; lastKnownFileType = net.daringfireball.markdown; path = "API Things.md"; sourceTree = "<group>"; };
		895E28E428526E9A00FB9E43 /* LastFM Widgets.app */ = {isa = PBXFileReference; explicitFileType = wrapper.application; includeInIndex = 0; path = "LastFM Widgets.app"; sourceTree = BUILT_PRODUCTS_DIR; };
		895E28E628526E9A00FB9E43 /* LastFM_WidgetsApp.swift */ = {isa = PBXFileReference; lastKnownFileType = sourcecode.swift; path = LastFM_WidgetsApp.swift; sourceTree = "<group>"; };
		895E28E828526E9A00FB9E43 /* ContentView.swift */ = {isa = PBXFileReference; lastKnownFileType = sourcecode.swift; path = ContentView.swift; sourceTree = "<group>"; };
		895E28EA28526E9B00FB9E43 /* Assets.xcassets */ = {isa = PBXFileReference; lastKnownFileType = folder.assetcatalog; path = Assets.xcassets; sourceTree = "<group>"; };
		895E28ED28526E9B00FB9E43 /* Preview Assets.xcassets */ = {isa = PBXFileReference; lastKnownFileType = folder.assetcatalog; path = "Preview Assets.xcassets"; sourceTree = "<group>"; };
		895E28F928526F5300FB9E43 /* LastFM-Widgets-Info.plist */ = {isa = PBXFileReference; lastKnownFileType = text.plist; path = "LastFM-Widgets-Info.plist"; sourceTree = SOURCE_ROOT; };
		895E29012852718700FB9E43 /* TopAlbumsWidgetiOSExtension.appex */ = {isa = PBXFileReference; explicitFileType = "wrapper.app-extension"; includeInIndex = 0; path = TopAlbumsWidgetiOSExtension.appex; sourceTree = BUILT_PRODUCTS_DIR; };
		895E29052852718700FB9E43 /* TopAlbumsWidgetiOS.swift */ = {isa = PBXFileReference; lastKnownFileType = sourcecode.swift; path = TopAlbumsWidgetiOS.swift; sourceTree = "<group>"; };
		895E29072852718700FB9E43 /* TopAlbumsWidgetiOS.intentdefinition */ = {isa = PBXFileReference; lastKnownFileType = file.intentdefinition; path = TopAlbumsWidgetiOS.intentdefinition; sourceTree = "<group>"; };
		895E29082852718900FB9E43 /* Assets.xcassets */ = {isa = PBXFileReference; lastKnownFileType = folder.assetcatalog; path = Assets.xcassets; sourceTree = "<group>"; };
		895E290A2852718900FB9E43 /* Info.plist */ = {isa = PBXFileReference; lastKnownFileType = text.plist.xml; path = Info.plist; sourceTree = "<group>"; };
		8974BC8828524A7E006604D3 /* Info.plist */ = {isa = PBXFileReference; lastKnownFileType = text.plist; path = Info.plist; sourceTree = "<group>"; };
		8974BC8928524D60006604D3 /* ImageError.swift */ = {isa = PBXFileReference; lastKnownFileType = sourcecode.swift; path = ImageError.swift; sourceTree = "<group>"; };
		8994411D284F4577000B6D7C /* LastfmWidgetApp.swift */ = {isa = PBXFileReference; lastKnownFileType = sourcecode.swift; path = LastfmWidgetApp.swift; sourceTree = "<group>"; };
		8994411F284F4577000B6D7C /* ContentView.swift */ = {isa = PBXFileReference; lastKnownFileType = sourcecode.swift; path = ContentView.swift; sourceTree = "<group>"; };
		89944121284F457C000B6D7C /* Assets.xcassets */ = {isa = PBXFileReference; lastKnownFileType = folder.assetcatalog; path = Assets.xcassets; sourceTree = "<group>"; };
		89944124284F457C000B6D7C /* Preview Assets.xcassets */ = {isa = PBXFileReference; lastKnownFileType = folder.assetcatalog; path = "Preview Assets.xcassets"; sourceTree = "<group>"; };
		89944126284F457C000B6D7C /* LastfmWidget.entitlements */ = {isa = PBXFileReference; lastKnownFileType = text.plist.entitlements; path = LastfmWidget.entitlements; sourceTree = "<group>"; };
		8994412F284F4635000B6D7C /* Config.swift */ = {isa = PBXFileReference; lastKnownFileType = sourcecode.swift; path = Config.swift; sourceTree = "<group>"; };
		89B12BE42850F67200AB9816 /* TopAlbumsError.swift */ = {isa = PBXFileReference; lastKnownFileType = sourcecode.swift; path = TopAlbumsError.swift; sourceTree = "<group>"; };
		89DB8B9928527D2B00D265F6 /* SmallView.swift */ = {isa = PBXFileReference; lastKnownFileType = sourcecode.swift; path = SmallView.swift; sourceTree = "<group>"; };
		89DB8B9C2852873200D265F6 /* MediumView.swift */ = {isa = PBXFileReference; lastKnownFileType = sourcecode.swift; path = MediumView.swift; sourceTree = "<group>"; };
		89DB8B9F2852881A00D265F6 /* BackgroundGradient.swift */ = {isa = PBXFileReference; lastKnownFileType = sourcecode.swift; path = BackgroundGradient.swift; sourceTree = "<group>"; };
		89F962C0284FA01D00CF0CAE /* LastFMTopArtistsResponse.swift */ = {isa = PBXFileReference; lastKnownFileType = sourcecode.swift; path = LastFMTopArtistsResponse.swift; sourceTree = "<group>"; };
		89F962C3284FA6BF00CF0CAE /* TopArtistView.swift */ = {isa = PBXFileReference; lastKnownFileType = sourcecode.swift; path = TopArtistView.swift; sourceTree = "<group>"; };
		89F962C5284FAA6600CF0CAE /* LastFMTopAlbumsResponse.swift */ = {isa = PBXFileReference; lastKnownFileType = sourcecode.swift; path = LastFMTopAlbumsResponse.swift; sourceTree = "<group>"; };
		89F962C7284FAAB400CF0CAE /* TopAlbumsView.swift */ = {isa = PBXFileReference; lastKnownFileType = sourcecode.swift; path = TopAlbumsView.swift; sourceTree = "<group>"; };
		89F962CF284FABF100CF0CAE /* WidgetKit.framework */ = {isa = PBXFileReference; lastKnownFileType = wrapper.framework; name = WidgetKit.framework; path = System/Library/Frameworks/WidgetKit.framework; sourceTree = SDKROOT; };
		89F962D1284FABF100CF0CAE /* SwiftUI.framework */ = {isa = PBXFileReference; lastKnownFileType = wrapper.framework; name = SwiftUI.framework; path = System/Library/Frameworks/SwiftUI.framework; sourceTree = SDKROOT; };
		89F962E7284FAD7000CF0CAE /* BasicAlbum.swift */ = {isa = PBXFileReference; lastKnownFileType = sourcecode.swift; path = BasicAlbum.swift; sourceTree = "<group>"; };
/* End PBXFileReference section */

/* Begin PBXFrameworksBuildPhase section */
		895E28E128526E9A00FB9E43 /* Frameworks */ = {
			isa = PBXFrameworksBuildPhase;
			buildActionMask = 2147483647;
			files = (
				89DB8BA328528B5800D265F6 /* UIImageColors in Frameworks */,
				89DB8B942852740400D265F6 /* Alamofire in Frameworks */,
			);
			runOnlyForDeploymentPostprocessing = 0;
		};
		895E28FE2852718700FB9E43 /* Frameworks */ = {
			isa = PBXFrameworksBuildPhase;
			buildActionMask = 2147483647;
			files = (
				89DB8BA528528B8B00D265F6 /* UIImageColors in Frameworks */,
				89DB8B962852744400D265F6 /* Alamofire in Frameworks */,
				895E29032852718700FB9E43 /* SwiftUI.framework in Frameworks */,
				895E29022852718700FB9E43 /* WidgetKit.framework in Frameworks */,
			);
			runOnlyForDeploymentPostprocessing = 0;
		};
/* End PBXFrameworksBuildPhase section */

/* Begin PBXGroup section */
		890D84C6284F5D8A000123AD /* Models */ = {
			isa = PBXGroup;
			children = (
				89F962C0284FA01D00CF0CAE /* LastFMTopArtistsResponse.swift */,
				89F962C5284FAA6600CF0CAE /* LastFMTopAlbumsResponse.swift */,
				89F962E7284FAD7000CF0CAE /* BasicAlbum.swift */,
			);
			path = Models;
			sourceTree = "<group>";
		};
		895E28E528526E9A00FB9E43 /* LastFM Widgets */ = {
			isa = PBXGroup;
			children = (
				895E28F928526F5300FB9E43 /* LastFM-Widgets-Info.plist */,
				895E28E628526E9A00FB9E43 /* LastFM_WidgetsApp.swift */,
				895E28E828526E9A00FB9E43 /* ContentView.swift */,
				895E28EA28526E9B00FB9E43 /* Assets.xcassets */,
				895E28EC28526E9B00FB9E43 /* Preview Content */,
			);
			path = "LastFM Widgets";
			sourceTree = "<group>";
		};
		895E28EC28526E9B00FB9E43 /* Preview Content */ = {
			isa = PBXGroup;
			children = (
				895E28ED28526E9B00FB9E43 /* Preview Assets.xcassets */,
			);
			path = "Preview Content";
			sourceTree = "<group>";
		};
		895E29042852718700FB9E43 /* TopAlbumsWidgetiOS */ = {
			isa = PBXGroup;
			children = (
				89DB8B9828527D1600D265F6 /* Views */,
				895E29052852718700FB9E43 /* TopAlbumsWidgetiOS.swift */,
				895E29072852718700FB9E43 /* TopAlbumsWidgetiOS.intentdefinition */,
				895E29082852718900FB9E43 /* Assets.xcassets */,
				895E290A2852718900FB9E43 /* Info.plist */,
			);
			path = TopAlbumsWidgetiOS;
			sourceTree = "<group>";
		};
		8974BC8F28524DFE006604D3 /* Shared */ = {
			isa = PBXGroup;
			children = (
				8994412F284F4635000B6D7C /* Config.swift */,
				89B12BE32850F65900AB9816 /* Enums */,
				890D84C6284F5D8A000123AD /* Models */,
				89944131284F4CDD000B6D7C /* API */,
			);
			path = Shared;
			sourceTree = "<group>";
		};
		89944111284F4577000B6D7C = {
			isa = PBXGroup;
			children = (
				8994411C284F4577000B6D7C /* LastfmWidget */,
				895E28E528526E9A00FB9E43 /* LastFM Widgets */,
				8974BC8F28524DFE006604D3 /* Shared */,
				895E29042852718700FB9E43 /* TopAlbumsWidgetiOS */,
				89F962CE284FABF100CF0CAE /* Frameworks */,
				8994411B284F4577000B6D7C /* Products */,
			);
			sourceTree = "<group>";
		};
		8994411B284F4577000B6D7C /* Products */ = {
			isa = PBXGroup;
			children = (
				895E28E428526E9A00FB9E43 /* LastFM Widgets.app */,
				895E29012852718700FB9E43 /* TopAlbumsWidgetiOSExtension.appex */,
			);
			name = Products;
			sourceTree = "<group>";
		};
		8994411C284F4577000B6D7C /* LastfmWidget */ = {
			isa = PBXGroup;
			children = (
				8974BC8828524A7E006604D3 /* Info.plist */,
				89F962C2284FA6AC00CF0CAE /* Views */,
				8994411D284F4577000B6D7C /* LastfmWidgetApp.swift */,
				8994411F284F4577000B6D7C /* ContentView.swift */,
				89944121284F457C000B6D7C /* Assets.xcassets */,
				89944126284F457C000B6D7C /* LastfmWidget.entitlements */,
				89944123284F457C000B6D7C /* Preview Content */,
				890D84C9284F5FA4000123AD /* API Things.md */,
			);
			path = LastfmWidget;
			sourceTree = "<group>";
		};
		89944123284F457C000B6D7C /* Preview Content */ = {
			isa = PBXGroup;
			children = (
				89944124284F457C000B6D7C /* Preview Assets.xcassets */,
			);
			path = "Preview Content";
			sourceTree = "<group>";
		};
		89944131284F4CDD000B6D7C /* API */ = {
			isa = PBXGroup;
			children = (
				890D84C7284F5DD4000123AD /* API.swift */,
			);
			path = API;
			sourceTree = "<group>";
		};
		89B12BE32850F65900AB9816 /* Enums */ = {
			isa = PBXGroup;
			children = (
				89B12BE42850F67200AB9816 /* TopAlbumsError.swift */,
				8974BC8928524D60006604D3 /* ImageError.swift */,
			);
			path = Enums;
			sourceTree = "<group>";
		};
		89DB8B9828527D1600D265F6 /* Views */ = {
			isa = PBXGroup;
			children = (
				89DB8B9928527D2B00D265F6 /* SmallView.swift */,
				89DB8B9C2852873200D265F6 /* MediumView.swift */,
				89DB8B9F2852881A00D265F6 /* BackgroundGradient.swift */,
			);
			path = Views;
			sourceTree = "<group>";
		};
		89F962C2284FA6AC00CF0CAE /* Views */ = {
			isa = PBXGroup;
			children = (
				89F962C3284FA6BF00CF0CAE /* TopArtistView.swift */,
				89F962C7284FAAB400CF0CAE /* TopAlbumsView.swift */,
			);
			path = Views;
			sourceTree = "<group>";
		};
		89F962CE284FABF100CF0CAE /* Frameworks */ = {
			isa = PBXGroup;
			children = (
				89F962CF284FABF100CF0CAE /* WidgetKit.framework */,
				89F962D1284FABF100CF0CAE /* SwiftUI.framework */,
			);
			name = Frameworks;
			sourceTree = "<group>";
		};
/* End PBXGroup section */

/* Begin PBXNativeTarget section */
		895E28E328526E9A00FB9E43 /* LastFM Widgets */ = {
			isa = PBXNativeTarget;
			buildConfigurationList = 895E28F128526E9B00FB9E43 /* Build configuration list for PBXNativeTarget "LastFM Widgets" */;
			buildPhases = (
				895E28E028526E9A00FB9E43 /* Sources */,
				895E28E128526E9A00FB9E43 /* Frameworks */,
				895E28E228526E9A00FB9E43 /* Resources */,
				895E29132852718900FB9E43 /* Embed App Extensions */,
			);
			buildRules = (
			);
			dependencies = (
				895E290E2852718900FB9E43 /* PBXTargetDependency */,
			);
			name = "LastFM Widgets";
			packageProductDependencies = (
				89DB8B932852740400D265F6 /* Alamofire */,
				89DB8BA228528B5800D265F6 /* UIImageColors */,
			);
			productName = "LastFM Widgets";
			productReference = 895E28E428526E9A00FB9E43 /* LastFM Widgets.app */;
			productType = "com.apple.product-type.application";
		};
		895E29002852718700FB9E43 /* TopAlbumsWidgetiOSExtension */ = {
			isa = PBXNativeTarget;
			buildConfigurationList = 895E29102852718900FB9E43 /* Build configuration list for PBXNativeTarget "TopAlbumsWidgetiOSExtension" */;
			buildPhases = (
				895E28FD2852718700FB9E43 /* Sources */,
				895E28FE2852718700FB9E43 /* Frameworks */,
				895E28FF2852718700FB9E43 /* Resources */,
			);
			buildRules = (
			);
			dependencies = (
			);
			name = TopAlbumsWidgetiOSExtension;
			packageProductDependencies = (
				89DB8B952852744400D265F6 /* Alamofire */,
				89DB8BA428528B8B00D265F6 /* UIImageColors */,
			);
			productName = TopAlbumsWidgetiOSExtension;
			productReference = 895E29012852718700FB9E43 /* TopAlbumsWidgetiOSExtension.appex */;
			productType = "com.apple.product-type.app-extension";
		};
/* End PBXNativeTarget section */

/* Begin PBXProject section */
		89944112284F4577000B6D7C /* Project object */ = {
			isa = PBXProject;
			attributes = {
				BuildIndependentTargetsInParallel = 1;
				LastSwiftUpdateCheck = 1330;
				LastUpgradeCheck = 1330;
				TargetAttributes = {
					895E28E328526E9A00FB9E43 = {
						CreatedOnToolsVersion = 13.3.1;
					};
					895E29002852718700FB9E43 = {
						CreatedOnToolsVersion = 13.3.1;
					};
				};
			};
			buildConfigurationList = 89944115284F4577000B6D7C /* Build configuration list for PBXProject "LastfmWidget" */;
			compatibilityVersion = "Xcode 13.0";
			developmentRegion = en;
			hasScannedForEncodings = 0;
			knownRegions = (
				en,
				Base,
			);
			mainGroup = 89944111284F4577000B6D7C;
			packageReferences = (
				89DB8B922852740400D265F6 /* XCRemoteSwiftPackageReference "Alamofire" */,
				89DB8BA128528B5800D265F6 /* XCRemoteSwiftPackageReference "UIImageColors" */,
			);
			productRefGroup = 8994411B284F4577000B6D7C /* Products */;
			projectDirPath = "";
			projectRoot = "";
			targets = (
				895E28E328526E9A00FB9E43 /* LastFM Widgets */,
				895E29002852718700FB9E43 /* TopAlbumsWidgetiOSExtension */,
			);
		};
/* End PBXProject section */

/* Begin PBXResourcesBuildPhase section */
		895E28E228526E9A00FB9E43 /* Resources */ = {
			isa = PBXResourcesBuildPhase;
			buildActionMask = 2147483647;
			files = (
				895E28EE28526E9B00FB9E43 /* Preview Assets.xcassets in Resources */,
				895E28EB28526E9B00FB9E43 /* Assets.xcassets in Resources */,
			);
			runOnlyForDeploymentPostprocessing = 0;
		};
		895E28FF2852718700FB9E43 /* Resources */ = {
			isa = PBXResourcesBuildPhase;
			buildActionMask = 2147483647;
			files = (
				89DB8B972852750C00D265F6 /* Assets.xcassets in Resources */,
				895E29092852718900FB9E43 /* Assets.xcassets in Resources */,
			);
			runOnlyForDeploymentPostprocessing = 0;
		};
/* End PBXResourcesBuildPhase section */

/* Begin PBXSourcesBuildPhase section */
		895E28E028526E9A00FB9E43 /* Sources */ = {
			isa = PBXSourcesBuildPhase;
			buildActionMask = 2147483647;
			files = (
				895E290C2852718900FB9E43 /* TopAlbumsWidgetiOS.intentdefinition in Sources */,
				895E28F328526F0500FB9E43 /* ImageError.swift in Sources */,
				895E28F528526F0B00FB9E43 /* LastFMTopAlbumsResponse.swift in Sources */,
				895E28E928526E9A00FB9E43 /* ContentView.swift in Sources */,
				895E28E728526E9A00FB9E43 /* LastFM_WidgetsApp.swift in Sources */,
				895E28F628526F0D00FB9E43 /* BasicAlbum.swift in Sources */,
				895E28F228526F0300FB9E43 /* TopAlbumsError.swift in Sources */,
				895E28FC2852709500FB9E43 /* Config.swift in Sources */,
				895E28F728526F1200FB9E43 /* API.swift in Sources */,
				895E28F428526F0900FB9E43 /* LastFMTopArtistsResponse.swift in Sources */,
			);
			runOnlyForDeploymentPostprocessing = 0;
		};
		895E28FD2852718700FB9E43 /* Sources */ = {
			isa = PBXSourcesBuildPhase;
			buildActionMask = 2147483647;
			files = (
				895E2920285271AD00FB9E43 /* ImageError.swift in Sources */,
				895E290B2852718900FB9E43 /* TopAlbumsWidgetiOS.intentdefinition in Sources */,
				895E2921285271AD00FB9E43 /* TopAlbumsError.swift in Sources */,
				895E291B285271AD00FB9E43 /* LastFMTopAlbumsResponse.swift in Sources */,
				895E291C285271AD00FB9E43 /* BasicAlbum.swift in Sources */,
				89DB8BA02852881A00D265F6 /* BackgroundGradient.swift in Sources */,
				895E291F285271AD00FB9E43 /* Config.swift in Sources */,
				89DB8B9E2852874900D265F6 /* MediumView.swift in Sources */,
				89DB8B9B28527D5800D265F6 /* SmallView.swift in Sources */,
				895E29062852718700FB9E43 /* TopAlbumsWidgetiOS.swift in Sources */,
				895E291E285271AD00FB9E43 /* LastFMTopArtistsResponse.swift in Sources */,
				895E291D285271AD00FB9E43 /* API.swift in Sources */,
			);
			runOnlyForDeploymentPostprocessing = 0;
		};
/* End PBXSourcesBuildPhase section */

/* Begin PBXTargetDependency section */
		895E290E2852718900FB9E43 /* PBXTargetDependency */ = {
			isa = PBXTargetDependency;
			target = 895E29002852718700FB9E43 /* TopAlbumsWidgetiOSExtension */;
			targetProxy = 895E290D2852718900FB9E43 /* PBXContainerItemProxy */;
		};
/* End PBXTargetDependency section */

/* Begin XCBuildConfiguration section */
		895E28EF28526E9B00FB9E43 /* Debug */ = {
			isa = XCBuildConfiguration;
			buildSettings = {
				ALWAYS_EMBED_SWIFT_STANDARD_LIBRARIES = YES;
				ASSETCATALOG_COMPILER_APPICON_NAME = AppIcon;
				ASSETCATALOG_COMPILER_GLOBAL_ACCENT_COLOR_NAME = AccentColor;
				CODE_SIGN_STYLE = Automatic;
				CURRENT_PROJECT_VERSION = 1;
				DEVELOPMENT_ASSET_PATHS = "\"LastFM Widgets/Preview Content\"";
				DEVELOPMENT_TEAM = U3CH3X8GK4;
				ENABLE_PREVIEWS = YES;
				GENERATE_INFOPLIST_FILE = YES;
				INFOPLIST_FILE = "LastFM-Widgets-Info.plist";
				INFOPLIST_KEY_UIApplicationSupportsIndirectInputEvents = YES;
				INFOPLIST_KEY_UILaunchScreen_Generation = YES;
				INFOPLIST_KEY_UISupportedInterfaceOrientations = "";
				INFOPLIST_KEY_UISupportedInterfaceOrientations_iPad = "UIInterfaceOrientationPortrait UIInterfaceOrientationPortraitUpsideDown UIInterfaceOrientationLandscapeLeft UIInterfaceOrientationLandscapeRight";
				INFOPLIST_KEY_UISupportedInterfaceOrientations_iPhone = "UIInterfaceOrientationPortrait UIInterfaceOrientationLandscapeLeft UIInterfaceOrientationLandscapeRight";
				IPHONEOS_DEPLOYMENT_TARGET = 15.4;
				LD_RUNPATH_SEARCH_PATHS = (
					"$(inherited)",
					"@executable_path/Frameworks",
				);
				MARKETING_VERSION = 1.0;
				PRODUCT_BUNDLE_IDENTIFIER = "nl.wissehes.LastFM-Widgets";
				PRODUCT_NAME = "$(TARGET_NAME)";
				SDKROOT = iphoneos;
				SWIFT_EMIT_LOC_STRINGS = YES;
				SWIFT_VERSION = 5.0;
				TARGETED_DEVICE_FAMILY = "1,2";
			};
			name = Debug;
		};
		895E28F028526E9B00FB9E43 /* Release */ = {
			isa = XCBuildConfiguration;
			buildSettings = {
				ALWAYS_EMBED_SWIFT_STANDARD_LIBRARIES = YES;
				ASSETCATALOG_COMPILER_APPICON_NAME = AppIcon;
				ASSETCATALOG_COMPILER_GLOBAL_ACCENT_COLOR_NAME = AccentColor;
				CODE_SIGN_STYLE = Automatic;
				CURRENT_PROJECT_VERSION = 1;
				DEVELOPMENT_ASSET_PATHS = "\"LastFM Widgets/Preview Content\"";
				DEVELOPMENT_TEAM = U3CH3X8GK4;
				ENABLE_PREVIEWS = YES;
				GENERATE_INFOPLIST_FILE = YES;
				INFOPLIST_FILE = "LastFM-Widgets-Info.plist";
				INFOPLIST_KEY_UIApplicationSupportsIndirectInputEvents = YES;
				INFOPLIST_KEY_UILaunchScreen_Generation = YES;
				INFOPLIST_KEY_UISupportedInterfaceOrientations = "";
				INFOPLIST_KEY_UISupportedInterfaceOrientations_iPad = "UIInterfaceOrientationPortrait UIInterfaceOrientationPortraitUpsideDown UIInterfaceOrientationLandscapeLeft UIInterfaceOrientationLandscapeRight";
				INFOPLIST_KEY_UISupportedInterfaceOrientations_iPhone = "UIInterfaceOrientationPortrait UIInterfaceOrientationLandscapeLeft UIInterfaceOrientationLandscapeRight";
				IPHONEOS_DEPLOYMENT_TARGET = 15.4;
				LD_RUNPATH_SEARCH_PATHS = (
					"$(inherited)",
					"@executable_path/Frameworks",
				);
				MARKETING_VERSION = 1.0;
				PRODUCT_BUNDLE_IDENTIFIER = "nl.wissehes.LastFM-Widgets";
				PRODUCT_NAME = "$(TARGET_NAME)";
				SDKROOT = iphoneos;
				SWIFT_EMIT_LOC_STRINGS = YES;
				SWIFT_VERSION = 5.0;
				TARGETED_DEVICE_FAMILY = "1,2";
				VALIDATE_PRODUCT = YES;
			};
			name = Release;
		};
		895E29112852718900FB9E43 /* Debug */ = {
			isa = XCBuildConfiguration;
			buildSettings = {
				ASSETCATALOG_COMPILER_GLOBAL_ACCENT_COLOR_NAME = AccentColor;
				ASSETCATALOG_COMPILER_WIDGET_BACKGROUND_COLOR_NAME = WidgetBackground;
				CODE_SIGN_STYLE = Automatic;
				CURRENT_PROJECT_VERSION = 1;
				DEVELOPMENT_TEAM = U3CH3X8GK4;
				GENERATE_INFOPLIST_FILE = YES;
				INFOPLIST_FILE = TopAlbumsWidgetiOS/Info.plist;
				INFOPLIST_KEY_CFBundleDisplayName = TopAlbumsWidgetiOS;
				INFOPLIST_KEY_NSHumanReadableCopyright = "";
				IPHONEOS_DEPLOYMENT_TARGET = 15.4;
				LD_RUNPATH_SEARCH_PATHS = (
					"$(inherited)",
					"@executable_path/Frameworks",
					"@executable_path/../../Frameworks",
				);
				MARKETING_VERSION = 1.0;
				PRODUCT_BUNDLE_IDENTIFIER = "nl.wissehes.LastFM-Widgets.TopAlbumsWidgetiOS";
				PRODUCT_NAME = "$(TARGET_NAME)";
				SDKROOT = iphoneos;
				SKIP_INSTALL = YES;
				SWIFT_EMIT_LOC_STRINGS = YES;
				SWIFT_VERSION = 5.0;
				TARGETED_DEVICE_FAMILY = "1,2";
			};
			name = Debug;
		};
		895E29122852718900FB9E43 /* Release */ = {
			isa = XCBuildConfiguration;
			buildSettings = {
				ASSETCATALOG_COMPILER_GLOBAL_ACCENT_COLOR_NAME = AccentColor;
				ASSETCATALOG_COMPILER_WIDGET_BACKGROUND_COLOR_NAME = WidgetBackground;
				CODE_SIGN_STYLE = Automatic;
				CURRENT_PROJECT_VERSION = 1;
				DEVELOPMENT_TEAM = U3CH3X8GK4;
				GENERATE_INFOPLIST_FILE = YES;
				INFOPLIST_FILE = TopAlbumsWidgetiOS/Info.plist;
				INFOPLIST_KEY_CFBundleDisplayName = TopAlbumsWidgetiOS;
				INFOPLIST_KEY_NSHumanReadableCopyright = "";
				IPHONEOS_DEPLOYMENT_TARGET = 15.4;
				LD_RUNPATH_SEARCH_PATHS = (
					"$(inherited)",
					"@executable_path/Frameworks",
					"@executable_path/../../Frameworks",
				);
				MARKETING_VERSION = 1.0;
				PRODUCT_BUNDLE_IDENTIFIER = "nl.wissehes.LastFM-Widgets.TopAlbumsWidgetiOS";
				PRODUCT_NAME = "$(TARGET_NAME)";
				SDKROOT = iphoneos;
				SKIP_INSTALL = YES;
				SWIFT_EMIT_LOC_STRINGS = YES;
				SWIFT_VERSION = 5.0;
				TARGETED_DEVICE_FAMILY = "1,2";
				VALIDATE_PRODUCT = YES;
			};
			name = Release;
		};
		89944127284F457C000B6D7C /* Debug */ = {
			isa = XCBuildConfiguration;
			buildSettings = {
				ALWAYS_SEARCH_USER_PATHS = NO;
				CLANG_ANALYZER_NONNULL = YES;
				CLANG_ANALYZER_NUMBER_OBJECT_CONVERSION = YES_AGGRESSIVE;
				CLANG_CXX_LANGUAGE_STANDARD = "gnu++17";
				CLANG_ENABLE_MODULES = YES;
				CLANG_ENABLE_OBJC_ARC = YES;
				CLANG_ENABLE_OBJC_WEAK = YES;
				CLANG_WARN_BLOCK_CAPTURE_AUTORELEASING = YES;
				CLANG_WARN_BOOL_CONVERSION = YES;
				CLANG_WARN_COMMA = YES;
				CLANG_WARN_CONSTANT_CONVERSION = YES;
				CLANG_WARN_DEPRECATED_OBJC_IMPLEMENTATIONS = YES;
				CLANG_WARN_DIRECT_OBJC_ISA_USAGE = YES_ERROR;
				CLANG_WARN_DOCUMENTATION_COMMENTS = YES;
				CLANG_WARN_EMPTY_BODY = YES;
				CLANG_WARN_ENUM_CONVERSION = YES;
				CLANG_WARN_INFINITE_RECURSION = YES;
				CLANG_WARN_INT_CONVERSION = YES;
				CLANG_WARN_NON_LITERAL_NULL_CONVERSION = YES;
				CLANG_WARN_OBJC_IMPLICIT_RETAIN_SELF = YES;
				CLANG_WARN_OBJC_LITERAL_CONVERSION = YES;
				CLANG_WARN_OBJC_ROOT_CLASS = YES_ERROR;
				CLANG_WARN_QUOTED_INCLUDE_IN_FRAMEWORK_HEADER = YES;
				CLANG_WARN_RANGE_LOOP_ANALYSIS = YES;
				CLANG_WARN_STRICT_PROTOTYPES = YES;
				CLANG_WARN_SUSPICIOUS_MOVE = YES;
				CLANG_WARN_UNGUARDED_AVAILABILITY = YES_AGGRESSIVE;
				CLANG_WARN_UNREACHABLE_CODE = YES;
				CLANG_WARN__DUPLICATE_METHOD_MATCH = YES;
				COPY_PHASE_STRIP = NO;
				DEBUG_INFORMATION_FORMAT = dwarf;
				ENABLE_STRICT_OBJC_MSGSEND = YES;
				ENABLE_TESTABILITY = YES;
				GCC_C_LANGUAGE_STANDARD = gnu11;
				GCC_DYNAMIC_NO_PIC = NO;
				GCC_NO_COMMON_BLOCKS = YES;
				GCC_OPTIMIZATION_LEVEL = 0;
				GCC_PREPROCESSOR_DEFINITIONS = (
					"DEBUG=1",
					"$(inherited)",
				);
				GCC_WARN_64_TO_32_BIT_CONVERSION = YES;
				GCC_WARN_ABOUT_RETURN_TYPE = YES_ERROR;
				GCC_WARN_UNDECLARED_SELECTOR = YES;
				GCC_WARN_UNINITIALIZED_AUTOS = YES_AGGRESSIVE;
				GCC_WARN_UNUSED_FUNCTION = YES;
				GCC_WARN_UNUSED_VARIABLE = YES;
				MACOSX_DEPLOYMENT_TARGET = 12.3;
				MTL_ENABLE_DEBUG_INFO = INCLUDE_SOURCE;
				MTL_FAST_MATH = YES;
				ONLY_ACTIVE_ARCH = YES;
				SDKROOT = macosx;
				SWIFT_ACTIVE_COMPILATION_CONDITIONS = DEBUG;
				SWIFT_OPTIMIZATION_LEVEL = "-Onone";
			};
			name = Debug;
		};
		89944128284F457C000B6D7C /* Release */ = {
			isa = XCBuildConfiguration;
			buildSettings = {
				ALWAYS_SEARCH_USER_PATHS = NO;
				CLANG_ANALYZER_NONNULL = YES;
				CLANG_ANALYZER_NUMBER_OBJECT_CONVERSION = YES_AGGRESSIVE;
				CLANG_CXX_LANGUAGE_STANDARD = "gnu++17";
				CLANG_ENABLE_MODULES = YES;
				CLANG_ENABLE_OBJC_ARC = YES;
				CLANG_ENABLE_OBJC_WEAK = YES;
				CLANG_WARN_BLOCK_CAPTURE_AUTORELEASING = YES;
				CLANG_WARN_BOOL_CONVERSION = YES;
				CLANG_WARN_COMMA = YES;
				CLANG_WARN_CONSTANT_CONVERSION = YES;
				CLANG_WARN_DEPRECATED_OBJC_IMPLEMENTATIONS = YES;
				CLANG_WARN_DIRECT_OBJC_ISA_USAGE = YES_ERROR;
				CLANG_WARN_DOCUMENTATION_COMMENTS = YES;
				CLANG_WARN_EMPTY_BODY = YES;
				CLANG_WARN_ENUM_CONVERSION = YES;
				CLANG_WARN_INFINITE_RECURSION = YES;
				CLANG_WARN_INT_CONVERSION = YES;
				CLANG_WARN_NON_LITERAL_NULL_CONVERSION = YES;
				CLANG_WARN_OBJC_IMPLICIT_RETAIN_SELF = YES;
				CLANG_WARN_OBJC_LITERAL_CONVERSION = YES;
				CLANG_WARN_OBJC_ROOT_CLASS = YES_ERROR;
				CLANG_WARN_QUOTED_INCLUDE_IN_FRAMEWORK_HEADER = YES;
				CLANG_WARN_RANGE_LOOP_ANALYSIS = YES;
				CLANG_WARN_STRICT_PROTOTYPES = YES;
				CLANG_WARN_SUSPICIOUS_MOVE = YES;
				CLANG_WARN_UNGUARDED_AVAILABILITY = YES_AGGRESSIVE;
				CLANG_WARN_UNREACHABLE_CODE = YES;
				CLANG_WARN__DUPLICATE_METHOD_MATCH = YES;
				COPY_PHASE_STRIP = NO;
				DEBUG_INFORMATION_FORMAT = "dwarf-with-dsym";
				ENABLE_NS_ASSERTIONS = NO;
				ENABLE_STRICT_OBJC_MSGSEND = YES;
				GCC_C_LANGUAGE_STANDARD = gnu11;
				GCC_NO_COMMON_BLOCKS = YES;
				GCC_WARN_64_TO_32_BIT_CONVERSION = YES;
				GCC_WARN_ABOUT_RETURN_TYPE = YES_ERROR;
				GCC_WARN_UNDECLARED_SELECTOR = YES;
				GCC_WARN_UNINITIALIZED_AUTOS = YES_AGGRESSIVE;
				GCC_WARN_UNUSED_FUNCTION = YES;
				GCC_WARN_UNUSED_VARIABLE = YES;
				MACOSX_DEPLOYMENT_TARGET = 12.3;
				MTL_ENABLE_DEBUG_INFO = NO;
				MTL_FAST_MATH = YES;
				SDKROOT = macosx;
				SWIFT_COMPILATION_MODE = wholemodule;
				SWIFT_OPTIMIZATION_LEVEL = "-O";
			};
			name = Release;
		};
/* End XCBuildConfiguration section */

/* Begin XCConfigurationList section */
		895E28F128526E9B00FB9E43 /* Build configuration list for PBXNativeTarget "LastFM Widgets" */ = {
			isa = XCConfigurationList;
			buildConfigurations = (
				895E28EF28526E9B00FB9E43 /* Debug */,
				895E28F028526E9B00FB9E43 /* Release */,
			);
			defaultConfigurationIsVisible = 0;
			defaultConfigurationName = Release;
		};
		895E29102852718900FB9E43 /* Build configuration list for PBXNativeTarget "TopAlbumsWidgetiOSExtension" */ = {
			isa = XCConfigurationList;
			buildConfigurations = (
				895E29112852718900FB9E43 /* Debug */,
				895E29122852718900FB9E43 /* Release */,
			);
			defaultConfigurationIsVisible = 0;
			defaultConfigurationName = Release;
		};
		89944115284F4577000B6D7C /* Build configuration list for PBXProject "LastfmWidget" */ = {
			isa = XCConfigurationList;
			buildConfigurations = (
				89944127284F457C000B6D7C /* Debug */,
				89944128284F457C000B6D7C /* Release */,
			);
			defaultConfigurationIsVisible = 0;
			defaultConfigurationName = Release;
		};
/* End XCConfigurationList section */

/* Begin XCRemoteSwiftPackageReference section */
		89DB8B922852740400D265F6 /* XCRemoteSwiftPackageReference "Alamofire" */ = {
			isa = XCRemoteSwiftPackageReference;
			repositoryURL = "https://github.com/Alamofire/Alamofire.git";
			requirement = {
				branch = master;
				kind = branch;
			};
		};
		89DB8BA128528B5800D265F6 /* XCRemoteSwiftPackageReference "UIImageColors" */ = {
			isa = XCRemoteSwiftPackageReference;
			repositoryURL = "https://github.com/jathu/UIImageColors.git";
			requirement = {
				kind = upToNextMajorVersion;
				minimumVersion = 2.0.0;
			};
		};
/* End XCRemoteSwiftPackageReference section */

/* Begin XCSwiftPackageProductDependency section */
		89DB8B932852740400D265F6 /* Alamofire */ = {
			isa = XCSwiftPackageProductDependency;
			package = 89DB8B922852740400D265F6 /* XCRemoteSwiftPackageReference "Alamofire" */;
			productName = Alamofire;
		};
		89DB8B952852744400D265F6 /* Alamofire */ = {
			isa = XCSwiftPackageProductDependency;
			package = 89DB8B922852740400D265F6 /* XCRemoteSwiftPackageReference "Alamofire" */;
			productName = Alamofire;
		};
		89DB8BA228528B5800D265F6 /* UIImageColors */ = {
			isa = XCSwiftPackageProductDependency;
			package = 89DB8BA128528B5800D265F6 /* XCRemoteSwiftPackageReference "UIImageColors" */;
			productName = UIImageColors;
		};
		89DB8BA428528B8B00D265F6 /* UIImageColors */ = {
			isa = XCSwiftPackageProductDependency;
			package = 89DB8BA128528B5800D265F6 /* XCRemoteSwiftPackageReference "UIImageColors" */;
			productName = UIImageColors;
		};
/* End XCSwiftPackageProductDependency section */
	};
	rootObject = 89944112284F4577000B6D7C /* Project object */;
}
